
Microsoft Visual Studio Solution File, Format Version 12.00
# Visual Studio Version 16
VisualStudioVersion = 16.0.808.6
MinimumVisualStudioVersion = 10.0.40219.1
Project("{FAE04EC0-301F-11D3-BF4B-00C04F79EFBC}") = "CloudMessagingSample", "CloudMessagingSample.csproj", "{4DBA604F-4732-4229-BDC2-340FD795E5F3}"
EndProject
Global
	GlobalSection(SolutionConfigurationPlatforms) = preSolution
		Debug|iPhoneSimulator = Debug|iPhoneSimulator
		Release|iPhone = Release|iPhone
		Release|iPhoneSimulator = Release|iPhoneSimulator
		Debug|iPhone = Debug|iPhone
	EndGlobalSection
	GlobalSection(ProjectConfigurationPlatforms) = postSolution
		{4DBA604F-4732-4229-BDC2-340FD795E5F3}.Debug|iPhoneSimulator.ActiveCfg = Debug|iPhoneSimulator
		{4DBA604F-4732-4229-BDC2-340FD795E5F3}.Debug|iPhoneSimulator.Build.0 = Debug|iPhoneSimulator
		{4DBA604F-4732-4229-BDC2-340FD795E5F3}.Release|iPhone.ActiveCfg = Release|iPhone
		{4DBA604F-4732-4229-BDC2-340FD795E5F3}.Release|iPhone.Build.0 = Release|iPhone
		{4DBA604F-4732-4229-BDC2-340FD795E5F3}.Release|iPhoneSimulator.ActiveCfg = Release|iPhoneSimulator
		{4DBA604F-4732-4229-BDC2-340FD795E5F3}.Release|iPhoneSimulator.Build.0 = Release|iPhoneSimulator
		{4DBA604F-4732-4229-BDC2-340FD795E5F3}.Debug|iPhone.ActiveCfg = Debug|iPhone
		{4DBA604F-4732-4229-BDC2-340FD795E5F3}.Debug|iPhone.Build.0 = Debug|iPhone
	EndGlobalSection
	GlobalSection(SolutionProperties) = preSolution
		HideSolutionNode = FALSE
	EndGlobalSection
	GlobalSection(ExtensibilityGlobals) = postSolution
		SolutionGuid = {44ED8440-9932-49A2-A1DE-FF83ADA631DC}
	EndGlobalSection
EndGlobal
